
Microsoft Visual Studio Solution File, Format Version 12.00
# Visual Studio Version 17
VisualStudioVersion = 17.11.35431.28
MinimumVisualStudioVersion = 10.0.40219.1
Project("{9A19103F-16F7-4668-BE54-9A1E7A4F7556}") = "Verify.GemBox", "Verify.GemBox\Verify.GemBox.csproj", "{C16C0072-7126-47FB-9546-13FE14267B8E}"
EndProject
Project("{9A19103F-16F7-4668-BE54-9A1E7A4F7556}") = "Tests", "Tests\Tests.csproj", "{FC7BC4B1-2832-4FAE-8064-37C924316B49}"
EndProject
Project("{2150E333-8FDC-42A3-9474-1A3956D46DE8}") = "Solution Items", "Solution Items", "{51415F2A-9E4E-46F3-B417-73D9CA54DF90}"
	ProjectSection(SolutionItems) = preProject
		.editorconfig = .editorconfig
		.gitattributes = .gitattributes
		..\.gitignore = ..\.gitignore
		appveyor.yml = appveyor.yml
		Directory.Build.props = Directory.Build.props
		Directory.Packages.props = Directory.Packages.props
		..\readme.md = ..\readme.md
	EndProjectSection
EndProject
Global
	GlobalSection(SolutionConfigurationPlatforms) = preSolution
		Debug|Any CPU = Debug|Any CPU
		Release|Any CPU = Release|Any CPU
	EndGlobalSection
	GlobalSection(ProjectConfigurationPlatforms) = postSolution
		{C16C0072-7126-47FB-9546-13FE14267B8E}.Debug|Any CPU.ActiveCfg = Debug|Any CPU
		{C16C0072-7126-47FB-9546-13FE14267B8E}.Debug|Any CPU.Build.0 = Debug|Any CPU
		{C16C0072-7126-47FB-9546-13FE14267B8E}.Release|Any CPU.ActiveCfg = Release|Any CPU
		{C16C0072-7126-47FB-9546-13FE14267B8E}.Release|Any CPU.Build.0 = Release|Any CPU
		{FC7BC4B1-2832-4FAE-8064-37C924316B49}.Debug|Any CPU.ActiveCfg = Debug|Any CPU
		{FC7BC4B1-2832-4FAE-8064-37C924316B49}.Debug|Any CPU.Build.0 = Debug|Any CPU
		{FC7BC4B1-2832-4FAE-8064-37C924316B49}.Release|Any CPU.ActiveCfg = Release|Any CPU
		{FC7BC4B1-2832-4FAE-8064-37C924316B49}.Release|Any CPU.Build.0 = Release|Any CPU
	EndGlobalSection
	GlobalSection(SolutionProperties) = preSolution
		HideSolutionNode = FALSE
	EndGlobalSection
	GlobalSection(ExtensibilityGlobals) = postSolution
		SolutionGuid = {6FE9FAF9-1B39-4B4B-83CF-09BF5A3A82F1}
	EndGlobalSection
EndGlobal
